// !$*UTF8*$!
{
	archiveVersion = 1;
	classes = {
	};
	objectVersion = 51;
	objects = {

/* Begin PBXBuildFile section */
		5BDAFE01869B581CE314D3BD /* Pods_PacesTests.framework in Frameworks */ = {isa = PBXBuildFile; fileRef = FFF7F3F4888BEF9A842BFF55 /* Pods_PacesTests.framework */; };
		64114D347C47FCDEAEA55872 /* Pods_Paces_PacesUITests.framework in Frameworks */ = {isa = PBXBuildFile; fileRef = 6D6E3304E2B7304BE0FDA35F /* Pods_Paces_PacesUITests.framework */; };
		A7145ADD2438F0390056A292 /* Helpers.swift in Sources */ = {isa = PBXBuildFile; fileRef = A7145ADC2438F0390056A292 /* Helpers.swift */; };
		A7145ADF2438FBC50056A292 /* MKMapView.swift in Sources */ = {isa = PBXBuildFile; fileRef = A7145ADE2438FBC50056A292 /* MKMapView.swift */; };
		A7145AE2243A18210056A292 /* Date+Paces.swift in Sources */ = {isa = PBXBuildFile; fileRef = A7145AE1243A18210056A292 /* Date+Paces.swift */; };
		A7145AE3243A18210056A292 /* Date+Paces.swift in Sources */ = {isa = PBXBuildFile; fileRef = A7145AE1243A18210056A292 /* Date+Paces.swift */; };
		A7145AE4243A18E10056A292 /* Helpers.swift in Sources */ = {isa = PBXBuildFile; fileRef = A7145ADC2438F0390056A292 /* Helpers.swift */; };
		A7145AE6243BA1F80056A292 /* DateOfTheLastActivity.swift in Sources */ = {isa = PBXBuildFile; fileRef = A7145AE5243BA1F80056A292 /* DateOfTheLastActivity.swift */; };
		A7145AE7243BA1F80056A292 /* DateOfTheLastActivity.swift in Sources */ = {isa = PBXBuildFile; fileRef = A7145AE5243BA1F80056A292 /* DateOfTheLastActivity.swift */; };
		A72A63B4240EF3D0004C3C2A /* AppDelegate.swift in Sources */ = {isa = PBXBuildFile; fileRef = A72A63B3240EF3D0004C3C2A /* AppDelegate.swift */; };
		A72A63B6240EF3D0004C3C2A /* SceneDelegate.swift in Sources */ = {isa = PBXBuildFile; fileRef = A72A63B5240EF3D0004C3C2A /* SceneDelegate.swift */; };
		A72A63B8240EF3D0004C3C2A /* MotionViewController.swift in Sources */ = {isa = PBXBuildFile; fileRef = A72A63B7240EF3D0004C3C2A /* MotionViewController.swift */; };
		A72A63BB240EF3D0004C3C2A /* Main.storyboard in Resources */ = {isa = PBXBuildFile; fileRef = A72A63B9240EF3D0004C3C2A /* Main.storyboard */; };
		A72A63BD240EF3D3004C3C2A /* Assets.xcassets in Resources */ = {isa = PBXBuildFile; fileRef = A72A63BC240EF3D3004C3C2A /* Assets.xcassets */; };
		A72A63C0240EF3D3004C3C2A /* LaunchScreen.storyboard in Resources */ = {isa = PBXBuildFile; fileRef = A72A63BE240EF3D3004C3C2A /* LaunchScreen.storyboard */; };
		A72A63CB240EF3D3004C3C2A /* PacesTests.swift in Sources */ = {isa = PBXBuildFile; fileRef = A72A63CA240EF3D3004C3C2A /* PacesTests.swift */; };
		A72A63D6240EF3D3004C3C2A /* PacesUITests.swift in Sources */ = {isa = PBXBuildFile; fileRef = A72A63D5240EF3D3004C3C2A /* PacesUITests.swift */; };
		A72A63E6240EFBE0004C3C2A /* Accelerometer.swift in Sources */ = {isa = PBXBuildFile; fileRef = A72A63E5240EFBE0004C3C2A /* Accelerometer.swift */; };
		A72A63E8240EFC66004C3C2A /* AccelerometerModelProtocol.swift in Sources */ = {isa = PBXBuildFile; fileRef = A72A63E7240EFC66004C3C2A /* AccelerometerModelProtocol.swift */; };
		A72A63EA24140EA8004C3C2A /* MapViewController.swift in Sources */ = {isa = PBXBuildFile; fileRef = A72A63E924140EA8004C3C2A /* MapViewController.swift */; };
		A72A63EC241540F6004C3C2A /* Runner.swift in Sources */ = {isa = PBXBuildFile; fileRef = A72A63EB241540F6004C3C2A /* Runner.swift */; };
		A72A63EE24154270004C3C2A /* HTTPClient.swift in Sources */ = {isa = PBXBuildFile; fileRef = A72A63ED24154270004C3C2A /* HTTPClient.swift */; };
		A72A6430241664B7004C3C2A /* Paces.xcdatamodeld in Sources */ = {isa = PBXBuildFile; fileRef = A72A642E241664B7004C3C2A /* Paces.xcdatamodeld */; };
		A72A643A2416A281004C3C2A /* ActivityViewController.swift in Sources */ = {isa = PBXBuildFile; fileRef = A72A64392416A281004C3C2A /* ActivityViewController.swift */; };
		A72A644D241AAEDC004C3C2A /* Run+CoreDataProperties.swift in Sources */ = {isa = PBXBuildFile; fileRef = A72A644B241AAEDC004C3C2A /* Run+CoreDataProperties.swift */; };
		A72A644E241AAEDC004C3C2A /* Location+CoreDataProperties.swift in Sources */ = {isa = PBXBuildFile; fileRef = A72A644C241AAEDC004C3C2A /* Location+CoreDataProperties.swift */; };
		A72A6450241AAF47004C3C2A /* Run+CoreDataClass.swift in Sources */ = {isa = PBXBuildFile; fileRef = A72A644F241AAF47004C3C2A /* Run+CoreDataClass.swift */; };
		A72A6452241AAFA8004C3C2A /* Location+CoreDataClass.swift in Sources */ = {isa = PBXBuildFile; fileRef = A72A6451241AAFA8004C3C2A /* Location+CoreDataClass.swift */; };
		A72A645A241B9008004C3C2A /* CoreDataStack.swift in Sources */ = {isa = PBXBuildFile; fileRef = A72A6459241B9008004C3C2A /* CoreDataStack.swift */; };
		A72A645C24223165004C3C2A /* ActivityViewController+Start.swift in Sources */ = {isa = PBXBuildFile; fileRef = A72A645B24223165004C3C2A /* ActivityViewController+Start.swift */; };
		A72A645E24223178004C3C2A /* ActivityViewController+End.swift in Sources */ = {isa = PBXBuildFile; fileRef = A72A645D24223178004C3C2A /* ActivityViewController+End.swift */; };
		A745496F242288A100A104F8 /* ActivityViewController+CLLocationManagerDelegate.swift in Sources */ = {isa = PBXBuildFile; fileRef = A745496E242288A100A104F8 /* ActivityViewController+CLLocationManagerDelegate.swift */; };
		A7454971242289FD00A104F8 /* ActivityViewController+MKMapViewDelegate.swift in Sources */ = {isa = PBXBuildFile; fileRef = A7454970242289FD00A104F8 /* ActivityViewController+MKMapViewDelegate.swift */; };
		A74549752423897100A104F8 /* LocationManager.swift in Sources */ = {isa = PBXBuildFile; fileRef = A74549742423897100A104F8 /* LocationManager.swift */; };
		A74549772423942D00A104F8 /* UIButton+Paces.swift in Sources */ = {isa = PBXBuildFile; fileRef = A74549762423942D00A104F8 /* UIButton+Paces.swift */; };
		A745497A24251CF100A104F8 /* RLMLocationCoordinate.swift in Sources */ = {isa = PBXBuildFile; fileRef = A745497924251CF100A104F8 /* RLMLocationCoordinate.swift */; };
		A745497C24251EF200A104F8 /* RLMRoute.swift in Sources */ = {isa = PBXBuildFile; fileRef = A745497B24251EF200A104F8 /* RLMRoute.swift */; };
		A745498024266C4600A104F8 /* DBManager.swift in Sources */ = {isa = PBXBuildFile; fileRef = A745497F24266C4600A104F8 /* DBManager.swift */; };
		A745498224267E2000A104F8 /* MyActivityViewController.swift in Sources */ = {isa = PBXBuildFile; fileRef = A745498124267E2000A104F8 /* MyActivityViewController.swift */; };
		A745498324267E2000A104F8 /* MyActivityViewController.swift in Sources */ = {isa = PBXBuildFile; fileRef = A745498124267E2000A104F8 /* MyActivityViewController.swift */; };
		A74549882426BB5000A104F8 /* Route.swift in Sources */ = {isa = PBXBuildFile; fileRef = A74549872426BB5000A104F8 /* Route.swift */; };
		A745498F2427D87700A104F8 /* ActivityTableViewCell.swift in Sources */ = {isa = PBXBuildFile; fileRef = A745498E2427D87700A104F8 /* ActivityTableViewCell.swift */; };
		A7454996242A2EB800A104F8 /* FormatterModel.swift in Sources */ = {isa = PBXBuildFile; fileRef = A7454995242A2EB800A104F8 /* FormatterModel.swift */; };
		A7454998242B823F00A104F8 /* SummaryViewController.swift in Sources */ = {isa = PBXBuildFile; fileRef = A7454997242B823F00A104F8 /* SummaryViewController.swift */; };
		E908DBC32291D7DEB05F57A2 /* Pods_Paces.framework in Frameworks */ = {isa = PBXBuildFile; fileRef = 4AE97B3AFBBFF0ED6F7CD258 /* Pods_Paces.framework */; };
/* End PBXBuildFile section */

/* Begin PBXContainerItemProxy section */
		A72A63C7240EF3D3004C3C2A /* PBXContainerItemProxy */ = {
			isa = PBXContainerItemProxy;
			containerPortal = A72A63A8240EF3D0004C3C2A /* Project object */;
			proxyType = 1;
			remoteGlobalIDString = A72A63AF240EF3D0004C3C2A;
			remoteInfo = Paces;
		};
		A72A63D2240EF3D3004C3C2A /* PBXContainerItemProxy */ = {
			isa = PBXContainerItemProxy;
			containerPortal = A72A63A8240EF3D0004C3C2A /* Project object */;
			proxyType = 1;
			remoteGlobalIDString = A72A63AF240EF3D0004C3C2A;
			remoteInfo = Paces;
		};
/* End PBXContainerItemProxy section */

/* Begin PBXFileReference section */
		19D13DF7745984306082DBBE /* Pods-PacesTests.release.xcconfig */ = {isa = PBXFileReference; includeInIndex = 1; lastKnownFileType = text.xcconfig; name = "Pods-PacesTests.release.xcconfig"; path = "Target Support Files/Pods-PacesTests/Pods-PacesTests.release.xcconfig"; sourceTree = "<group>"; };
		256B2C555AFE5A1C49F81735 /* Pods-Paces.release.xcconfig */ = {isa = PBXFileReference; includeInIndex = 1; lastKnownFileType = text.xcconfig; name = "Pods-Paces.release.xcconfig"; path = "Target Support Files/Pods-Paces/Pods-Paces.release.xcconfig"; sourceTree = "<group>"; };
		3D353959D66AFC6741DA494C /* Pods-Paces.debug.xcconfig */ = {isa = PBXFileReference; includeInIndex = 1; lastKnownFileType = text.xcconfig; name = "Pods-Paces.debug.xcconfig"; path = "Target Support Files/Pods-Paces/Pods-Paces.debug.xcconfig"; sourceTree = "<group>"; };
		4AE97B3AFBBFF0ED6F7CD258 /* Pods_Paces.framework */ = {isa = PBXFileReference; explicitFileType = wrapper.framework; includeInIndex = 0; path = Pods_Paces.framework; sourceTree = BUILT_PRODUCTS_DIR; };
		51E6ECE604C18BE37E99996F /* Pods-PacesTests.debug.xcconfig */ = {isa = PBXFileReference; includeInIndex = 1; lastKnownFileType = text.xcconfig; name = "Pods-PacesTests.debug.xcconfig"; path = "Target Support Files/Pods-PacesTests/Pods-PacesTests.debug.xcconfig"; sourceTree = "<group>"; };
		5552D97824FFA527B268B220 /* Pods-Paces-PacesUITests.release.xcconfig */ = {isa = PBXFileReference; includeInIndex = 1; lastKnownFileType = text.xcconfig; name = "Pods-Paces-PacesUITests.release.xcconfig"; path = "Target Support Files/Pods-Paces-PacesUITests/Pods-Paces-PacesUITests.release.xcconfig"; sourceTree = "<group>"; };
		6D6E3304E2B7304BE0FDA35F /* Pods_Paces_PacesUITests.framework */ = {isa = PBXFileReference; explicitFileType = wrapper.framework; includeInIndex = 0; path = Pods_Paces_PacesUITests.framework; sourceTree = BUILT_PRODUCTS_DIR; };
		A7145ADC2438F0390056A292 /* Helpers.swift */ = {isa = PBXFileReference; lastKnownFileType = sourcecode.swift; path = Helpers.swift; sourceTree = "<group>"; };
		A7145ADE2438FBC50056A292 /* MKMapView.swift */ = {isa = PBXFileReference; lastKnownFileType = sourcecode.swift; path = MKMapView.swift; sourceTree = "<group>"; };
		A7145AE1243A18210056A292 /* Date+Paces.swift */ = {isa = PBXFileReference; lastKnownFileType = sourcecode.swift; path = "Date+Paces.swift"; sourceTree = "<group>"; };
		A7145AE5243BA1F80056A292 /* DateOfTheLastActivity.swift */ = {isa = PBXFileReference; lastKnownFileType = sourcecode.swift; path = DateOfTheLastActivity.swift; sourceTree = "<group>"; };
		A72A63B0240EF3D0004C3C2A /* Paces.app */ = {isa = PBXFileReference; explicitFileType = wrapper.application; includeInIndex = 0; path = Paces.app; sourceTree = BUILT_PRODUCTS_DIR; };
		A72A63B3240EF3D0004C3C2A /* AppDelegate.swift */ = {isa = PBXFileReference; lastKnownFileType = sourcecode.swift; path = AppDelegate.swift; sourceTree = "<group>"; };
		A72A63B5240EF3D0004C3C2A /* SceneDelegate.swift */ = {isa = PBXFileReference; lastKnownFileType = sourcecode.swift; path = SceneDelegate.swift; sourceTree = "<group>"; };
		A72A63B7240EF3D0004C3C2A /* MotionViewController.swift */ = {isa = PBXFileReference; lastKnownFileType = sourcecode.swift; path = MotionViewController.swift; sourceTree = "<group>"; };
		A72A63BA240EF3D0004C3C2A /* Base */ = {isa = PBXFileReference; lastKnownFileType = file.storyboard; name = Base; path = Base.lproj/Main.storyboard; sourceTree = "<group>"; };
		A72A63BC240EF3D3004C3C2A /* Assets.xcassets */ = {isa = PBXFileReference; lastKnownFileType = folder.assetcatalog; path = Assets.xcassets; sourceTree = "<group>"; };
		A72A63BF240EF3D3004C3C2A /* Base */ = {isa = PBXFileReference; lastKnownFileType = file.storyboard; name = Base; path = Base.lproj/LaunchScreen.storyboard; sourceTree = "<group>"; };
		A72A63C1240EF3D3004C3C2A /* Info.plist */ = {isa = PBXFileReference; lastKnownFileType = text.plist.xml; path = Info.plist; sourceTree = "<group>"; };
		A72A63C6240EF3D3004C3C2A /* PacesTests.xctest */ = {isa = PBXFileReference; explicitFileType = wrapper.cfbundle; includeInIndex = 0; path = PacesTests.xctest; sourceTree = BUILT_PRODUCTS_DIR; };
		A72A63CA240EF3D3004C3C2A /* PacesTests.swift */ = {isa = PBXFileReference; lastKnownFileType = sourcecode.swift; path = PacesTests.swift; sourceTree = "<group>"; };
		A72A63CC240EF3D3004C3C2A /* Info.plist */ = {isa = PBXFileReference; lastKnownFileType = text.plist.xml; path = Info.plist; sourceTree = "<group>"; };
		A72A63D1240EF3D3004C3C2A /* PacesUITests.xctest */ = {isa = PBXFileReference; explicitFileType = wrapper.cfbundle; includeInIndex = 0; path = PacesUITests.xctest; sourceTree = BUILT_PRODUCTS_DIR; };
		A72A63D5240EF3D3004C3C2A /* PacesUITests.swift */ = {isa = PBXFileReference; lastKnownFileType = sourcecode.swift; path = PacesUITests.swift; sourceTree = "<group>"; };
		A72A63D7240EF3D3004C3C2A /* Info.plist */ = {isa = PBXFileReference; lastKnownFileType = text.plist.xml; path = Info.plist; sourceTree = "<group>"; };
		A72A63E5240EFBE0004C3C2A /* Accelerometer.swift */ = {isa = PBXFileReference; lastKnownFileType = sourcecode.swift; path = Accelerometer.swift; sourceTree = "<group>"; };
		A72A63E7240EFC66004C3C2A /* AccelerometerModelProtocol.swift */ = {isa = PBXFileReference; lastKnownFileType = sourcecode.swift; path = AccelerometerModelProtocol.swift; sourceTree = "<group>"; };
		A72A63E924140EA8004C3C2A /* MapViewController.swift */ = {isa = PBXFileReference; lastKnownFileType = sourcecode.swift; path = MapViewController.swift; sourceTree = "<group>"; };
		A72A63EB241540F6004C3C2A /* Runner.swift */ = {isa = PBXFileReference; lastKnownFileType = sourcecode.swift; path = Runner.swift; sourceTree = "<group>"; };
		A72A63ED24154270004C3C2A /* HTTPClient.swift */ = {isa = PBXFileReference; lastKnownFileType = sourcecode.swift; path = HTTPClient.swift; sourceTree = "<group>"; };
		A72A642F241664B7004C3C2A /* Paces.xcdatamodel */ = {isa = PBXFileReference; lastKnownFileType = wrapper.xcdatamodel; path = Paces.xcdatamodel; sourceTree = "<group>"; };
		A72A64392416A281004C3C2A /* ActivityViewController.swift */ = {isa = PBXFileReference; lastKnownFileType = sourcecode.swift; path = ActivityViewController.swift; sourceTree = "<group>"; };
		A72A644B241AAEDC004C3C2A /* Run+CoreDataProperties.swift */ = {isa = PBXFileReference; lastKnownFileType = sourcecode.swift; path = "Run+CoreDataProperties.swift"; sourceTree = "<group>"; };
		A72A644C241AAEDC004C3C2A /* Location+CoreDataProperties.swift */ = {isa = PBXFileReference; lastKnownFileType = sourcecode.swift; path = "Location+CoreDataProperties.swift"; sourceTree = "<group>"; };
		A72A644F241AAF47004C3C2A /* Run+CoreDataClass.swift */ = {isa = PBXFileReference; lastKnownFileType = sourcecode.swift; path = "Run+CoreDataClass.swift"; sourceTree = "<group>"; };
		A72A6451241AAFA8004C3C2A /* Location+CoreDataClass.swift */ = {isa = PBXFileReference; lastKnownFileType = sourcecode.swift; path = "Location+CoreDataClass.swift"; sourceTree = "<group>"; };
		A72A6459241B9008004C3C2A /* CoreDataStack.swift */ = {isa = PBXFileReference; lastKnownFileType = sourcecode.swift; path = CoreDataStack.swift; sourceTree = "<group>"; };
		A72A645B24223165004C3C2A /* ActivityViewController+Start.swift */ = {isa = PBXFileReference; lastKnownFileType = sourcecode.swift; path = "ActivityViewController+Start.swift"; sourceTree = "<group>"; };
		A72A645D24223178004C3C2A /* ActivityViewController+End.swift */ = {isa = PBXFileReference; lastKnownFileType = sourcecode.swift; path = "ActivityViewController+End.swift"; sourceTree = "<group>"; };
		A745496E242288A100A104F8 /* ActivityViewController+CLLocationManagerDelegate.swift */ = {isa = PBXFileReference; lastKnownFileType = sourcecode.swift; path = "ActivityViewController+CLLocationManagerDelegate.swift"; sourceTree = "<group>"; };
		A7454970242289FD00A104F8 /* ActivityViewController+MKMapViewDelegate.swift */ = {isa = PBXFileReference; lastKnownFileType = sourcecode.swift; path = "ActivityViewController+MKMapViewDelegate.swift"; sourceTree = "<group>"; };
		A745497324229C2100A104F8 /* austria_bike.gpx */ = {isa = PBXFileReference; lastKnownFileType = text; path = austria_bike.gpx; sourceTree = "<group>"; };
		A74549742423897100A104F8 /* LocationManager.swift */ = {isa = PBXFileReference; lastKnownFileType = sourcecode.swift; path = LocationManager.swift; sourceTree = "<group>"; };
		A74549762423942D00A104F8 /* UIButton+Paces.swift */ = {isa = PBXFileReference; lastKnownFileType = sourcecode.swift; path = "UIButton+Paces.swift"; sourceTree = "<group>"; };
		A745497924251CF100A104F8 /* RLMLocationCoordinate.swift */ = {isa = PBXFileReference; lastKnownFileType = sourcecode.swift; path = RLMLocationCoordinate.swift; sourceTree = "<group>"; };
		A745497B24251EF200A104F8 /* RLMRoute.swift */ = {isa = PBXFileReference; lastKnownFileType = sourcecode.swift; path = RLMRoute.swift; sourceTree = "<group>"; };
		A745497F24266C4600A104F8 /* DBManager.swift */ = {isa = PBXFileReference; lastKnownFileType = sourcecode.swift; path = DBManager.swift; sourceTree = "<group>"; };
		A745498124267E2000A104F8 /* MyActivityViewController.swift */ = {isa = PBXFileReference; lastKnownFileType = sourcecode.swift; path = MyActivityViewController.swift; sourceTree = "<group>"; };
		A74549872426BB5000A104F8 /* Route.swift */ = {isa = PBXFileReference; lastKnownFileType = sourcecode.swift; path = Route.swift; sourceTree = "<group>"; };
		A745498E2427D87700A104F8 /* ActivityTableViewCell.swift */ = {isa = PBXFileReference; lastKnownFileType = sourcecode.swift; path = ActivityTableViewCell.swift; sourceTree = "<group>"; };
		A7454995242A2EB800A104F8 /* FormatterModel.swift */ = {isa = PBXFileReference; lastKnownFileType = sourcecode.swift; path = FormatterModel.swift; sourceTree = "<group>"; };
		A7454997242B823F00A104F8 /* SummaryViewController.swift */ = {isa = PBXFileReference; lastKnownFileType = sourcecode.swift; path = SummaryViewController.swift; sourceTree = "<group>"; };
		C144E6D2B3D91D20C1B0B691 /* Pods-Paces-PacesUITests.debug.xcconfig */ = {isa = PBXFileReference; includeInIndex = 1; lastKnownFileType = text.xcconfig; name = "Pods-Paces-PacesUITests.debug.xcconfig"; path = "Target Support Files/Pods-Paces-PacesUITests/Pods-Paces-PacesUITests.debug.xcconfig"; sourceTree = "<group>"; };
		FFF7F3F4888BEF9A842BFF55 /* Pods_PacesTests.framework */ = {isa = PBXFileReference; explicitFileType = wrapper.framework; includeInIndex = 0; path = Pods_PacesTests.framework; sourceTree = BUILT_PRODUCTS_DIR; };
/* End PBXFileReference section */

/* Begin PBXFrameworksBuildPhase section */
		A72A63AD240EF3D0004C3C2A /* Frameworks */ = {
			isa = PBXFrameworksBuildPhase;
			buildActionMask = 2147483647;
			files = (
				E908DBC32291D7DEB05F57A2 /* Pods_Paces.framework in Frameworks */,
			);
			runOnlyForDeploymentPostprocessing = 0;
		};
		A72A63C3240EF3D3004C3C2A /* Frameworks */ = {
			isa = PBXFrameworksBuildPhase;
			buildActionMask = 2147483647;
			files = (
				5BDAFE01869B581CE314D3BD /* Pods_PacesTests.framework in Frameworks */,
			);
			runOnlyForDeploymentPostprocessing = 0;
		};
		A72A63CE240EF3D3004C3C2A /* Frameworks */ = {
			isa = PBXFrameworksBuildPhase;
			buildActionMask = 2147483647;
			files = (
				64114D347C47FCDEAEA55872 /* Pods_Paces_PacesUITests.framework in Frameworks */,
			);
			runOnlyForDeploymentPostprocessing = 0;
		};
/* End PBXFrameworksBuildPhase section */

/* Begin PBXGroup section */
		34D1C6444767E8033CB342CE /* Frameworks */ = {
			isa = PBXGroup;
			children = (
				4AE97B3AFBBFF0ED6F7CD258 /* Pods_Paces.framework */,
				6D6E3304E2B7304BE0FDA35F /* Pods_Paces_PacesUITests.framework */,
				FFF7F3F4888BEF9A842BFF55 /* Pods_PacesTests.framework */,
			);
			name = Frameworks;
			sourceTree = "<group>";
		};
		3701BDB761E944A37FC39420 /* Pods */ = {
			isa = PBXGroup;
			children = (
				3D353959D66AFC6741DA494C /* Pods-Paces.debug.xcconfig */,
				256B2C555AFE5A1C49F81735 /* Pods-Paces.release.xcconfig */,
				C144E6D2B3D91D20C1B0B691 /* Pods-Paces-PacesUITests.debug.xcconfig */,
				5552D97824FFA527B268B220 /* Pods-Paces-PacesUITests.release.xcconfig */,
				51E6ECE604C18BE37E99996F /* Pods-PacesTests.debug.xcconfig */,
				19D13DF7745984306082DBBE /* Pods-PacesTests.release.xcconfig */,
			);
			path = Pods;
			sourceTree = "<group>";
		};
		A7145AE0243A17EC0056A292 /* Helpers */ = {
			isa = PBXGroup;
			children = (
				A7145ADC2438F0390056A292 /* Helpers.swift */,
				A7145AE1243A18210056A292 /* Date+Paces.swift */,
			);
			path = Helpers;
			sourceTree = "<group>";
		};
		A72A63A7240EF3D0004C3C2A = {
			isa = PBXGroup;
			children = (
				A745497324229C2100A104F8 /* austria_bike.gpx */,
				A72A63B2240EF3D0004C3C2A /* Paces */,
				A72A63C9240EF3D3004C3C2A /* PacesTests */,
				A72A63D4240EF3D3004C3C2A /* PacesUITests */,
				A72A63B1240EF3D0004C3C2A /* Products */,
				3701BDB761E944A37FC39420 /* Pods */,
				34D1C6444767E8033CB342CE /* Frameworks */,
			);
			sourceTree = "<group>";
		};
		A72A63B1240EF3D0004C3C2A /* Products */ = {
			isa = PBXGroup;
			children = (
				A72A63B0240EF3D0004C3C2A /* Paces.app */,
				A72A63C6240EF3D3004C3C2A /* PacesTests.xctest */,
				A72A63D1240EF3D3004C3C2A /* PacesUITests.xctest */,
			);
			name = Products;
			sourceTree = "<group>";
		};
		A72A63B2240EF3D0004C3C2A /* Paces */ = {
			isa = PBXGroup;
			children = (
				A72A63B3240EF3D0004C3C2A /* AppDelegate.swift */,
				A72A63B5240EF3D0004C3C2A /* SceneDelegate.swift */,
				A72A6458241B8F9C004C3C2A /* Core Data */,
				A72A63E3240EFB77004C3C2A /* Models */,
				A74549782423E7EC00A104F8 /* Controllers */,
				A7145AE0243A17EC0056A292 /* Helpers */,
				A72A63BC240EF3D3004C3C2A /* Assets.xcassets */,
				A72A63C1240EF3D3004C3C2A /* Info.plist */,
			);
			path = Paces;
			sourceTree = "<group>";
		};
		A72A63C9240EF3D3004C3C2A /* PacesTests */ = {
			isa = PBXGroup;
			children = (
				A72A63CA240EF3D3004C3C2A /* PacesTests.swift */,
				A72A63CC240EF3D3004C3C2A /* Info.plist */,
			);
			path = PacesTests;
			sourceTree = "<group>";
		};
		A72A63D4240EF3D3004C3C2A /* PacesUITests */ = {
			isa = PBXGroup;
			children = (
				A72A63D5240EF3D3004C3C2A /* PacesUITests.swift */,
				A72A63D7240EF3D3004C3C2A /* Info.plist */,
			);
			path = PacesUITests;
			sourceTree = "<group>";
		};
		A72A63E3240EFB77004C3C2A /* Models */ = {
			isa = PBXGroup;
			children = (
				A72A63E5240EFBE0004C3C2A /* Accelerometer.swift */,
				A72A63E7240EFC66004C3C2A /* AccelerometerModelProtocol.swift */,
				A72A63EB241540F6004C3C2A /* Runner.swift */,
				A72A63ED24154270004C3C2A /* HTTPClient.swift */,
				A74549742423897100A104F8 /* LocationManager.swift */,
				A74549762423942D00A104F8 /* UIButton+Paces.swift */,
				A74549872426BB5000A104F8 /* Route.swift */,
				A7454995242A2EB800A104F8 /* FormatterModel.swift */,
				A745498D2426BEAD00A104F8 /* Realm Models */,
				A72A63E4240EFB93004C3C2A /* Views */,
			);
			name = Models;
			path = ..;
			sourceTree = "<group>";
		};
		A72A63E4240EFB93004C3C2A /* Views */ = {
			isa = PBXGroup;
			children = (
				A72A63B9240EF3D0004C3C2A /* Main.storyboard */,
				A72A63BE240EF3D3004C3C2A /* LaunchScreen.storyboard */,
				A745498E2427D87700A104F8 /* ActivityTableViewCell.swift */,
			);
			name = Views;
			sourceTree = "<group>";
		};
		A72A6453241B8D6D004C3C2A /* Extensions */ = {
			isa = PBXGroup;
			children = (
				A72A645B24223165004C3C2A /* ActivityViewController+Start.swift */,
				A72A645D24223178004C3C2A /* ActivityViewController+End.swift */,
				A745496E242288A100A104F8 /* ActivityViewController+CLLocationManagerDelegate.swift */,
				A7454970242289FD00A104F8 /* ActivityViewController+MKMapViewDelegate.swift */,
				A7145ADE2438FBC50056A292 /* MKMapView.swift */,
			);
			name = Extensions;
			path = ..;
			sourceTree = "<group>";
		};
		A72A6458241B8F9C004C3C2A /* Core Data */ = {
			isa = PBXGroup;
			children = (
				A72A644F241AAF47004C3C2A /* Run+CoreDataClass.swift */,
				A72A644B241AAEDC004C3C2A /* Run+CoreDataProperties.swift */,
				A72A6451241AAFA8004C3C2A /* Location+CoreDataClass.swift */,
				A72A644C241AAEDC004C3C2A /* Location+CoreDataProperties.swift */,
				A72A642E241664B7004C3C2A /* Paces.xcdatamodeld */,
				A72A6459241B9008004C3C2A /* CoreDataStack.swift */,
			);
			name = "Core Data";
			path = ..;
			sourceTree = "<group>";
		};
		A74549782423E7EC00A104F8 /* Controllers */ = {
			isa = PBXGroup;
			children = (
				A72A63E924140EA8004C3C2A /* MapViewController.swift */,
				A745498124267E2000A104F8 /* MyActivityViewController.swift */,
				A72A64392416A281004C3C2A /* ActivityViewController.swift */,
				A72A63B7240EF3D0004C3C2A /* MotionViewController.swift */,
				A7454997242B823F00A104F8 /* SummaryViewController.swift */,
				A72A6453241B8D6D004C3C2A /* Extensions */,
			);
			path = Controllers;
			sourceTree = "<group>";
		};
		A745498D2426BEAD00A104F8 /* Realm Models */ = {
			isa = PBXGroup;
			children = (
				A745497924251CF100A104F8 /* RLMLocationCoordinate.swift */,
				A745497B24251EF200A104F8 /* RLMRoute.swift */,
				A7145AE5243BA1F80056A292 /* DateOfTheLastActivity.swift */,
				A745497F24266C4600A104F8 /* DBManager.swift */,
			);
			path = "Realm Models";
			sourceTree = "<group>";
		};
/* End PBXGroup section */

/* Begin PBXNativeTarget section */
		A72A63AF240EF3D0004C3C2A /* Paces */ = {
			isa = PBXNativeTarget;
			buildConfigurationList = A72A63DA240EF3D3004C3C2A /* Build configuration list for PBXNativeTarget "Paces" */;
			buildPhases = (
				A0F14FEC1F38494C94187E6D /* [CP] Check Pods Manifest.lock */,
				A72A63AC240EF3D0004C3C2A /* Sources */,
				A72A63AD240EF3D0004C3C2A /* Frameworks */,
				A72A63AE240EF3D0004C3C2A /* Resources */,
				C688417E275652665B294E39 /* [CP] Embed Pods Frameworks */,
			);
			buildRules = (
			);
			dependencies = (
			);
			name = Paces;
			productName = Paces;
			productReference = A72A63B0240EF3D0004C3C2A /* Paces.app */;
			productType = "com.apple.product-type.application";
		};
		A72A63C5240EF3D3004C3C2A /* PacesTests */ = {
			isa = PBXNativeTarget;
			buildConfigurationList = A72A63DD240EF3D3004C3C2A /* Build configuration list for PBXNativeTarget "PacesTests" */;
			buildPhases = (
				0E56FF5B02CA0C91AC9C2D33 /* [CP] Check Pods Manifest.lock */,
				A72A63C2240EF3D3004C3C2A /* Sources */,
				A72A63C3240EF3D3004C3C2A /* Frameworks */,
				A72A63C4240EF3D3004C3C2A /* Resources */,
			);
			buildRules = (
			);
			dependencies = (
				A72A63C8240EF3D3004C3C2A /* PBXTargetDependency */,
			);
			name = PacesTests;
			productName = PacesTests;
			productReference = A72A63C6240EF3D3004C3C2A /* PacesTests.xctest */;
			productType = "com.apple.product-type.bundle.unit-test";
		};
		A72A63D0240EF3D3004C3C2A /* PacesUITests */ = {
			isa = PBXNativeTarget;
			buildConfigurationList = A72A63E0240EF3D3004C3C2A /* Build configuration list for PBXNativeTarget "PacesUITests" */;
			buildPhases = (
				D3AA95F3664E28BC502E8257 /* [CP] Check Pods Manifest.lock */,
				A72A63CD240EF3D3004C3C2A /* Sources */,
				A72A63CE240EF3D3004C3C2A /* Frameworks */,
				A72A63CF240EF3D3004C3C2A /* Resources */,
				CBF02E2B9A95F187228A7080 /* [CP] Embed Pods Frameworks */,
			);
			buildRules = (
			);
			dependencies = (
				A72A63D3240EF3D3004C3C2A /* PBXTargetDependency */,
			);
			name = PacesUITests;
			productName = PacesUITests;
			productReference = A72A63D1240EF3D3004C3C2A /* PacesUITests.xctest */;
			productType = "com.apple.product-type.bundle.ui-testing";
		};
/* End PBXNativeTarget section */

/* Begin PBXProject section */
		A72A63A8240EF3D0004C3C2A /* Project object */ = {
			isa = PBXProject;
			attributes = {
				LastSwiftUpdateCheck = 1130;
				LastUpgradeCheck = 1130;
				ORGANIZATIONNAME = "Valentina Vențel";
				TargetAttributes = {
					A72A63AF240EF3D0004C3C2A = {
						CreatedOnToolsVersion = 11.3;
					};
					A72A63C5240EF3D3004C3C2A = {
						CreatedOnToolsVersion = 11.3;
						TestTargetID = A72A63AF240EF3D0004C3C2A;
					};
					A72A63D0240EF3D3004C3C2A = {
						CreatedOnToolsVersion = 11.3;
						TestTargetID = A72A63AF240EF3D0004C3C2A;
					};
				};
			};
			buildConfigurationList = A72A63AB240EF3D0004C3C2A /* Build configuration list for PBXProject "Paces" */;
			compatibilityVersion = "Xcode 9.3";
			developmentRegion = en;
			hasScannedForEncodings = 0;
			knownRegions = (
				en,
				Base,
			);
			mainGroup = A72A63A7240EF3D0004C3C2A;
			productRefGroup = A72A63B1240EF3D0004C3C2A /* Products */;
			projectDirPath = "";
			projectRoot = "";
			targets = (
				A72A63AF240EF3D0004C3C2A /* Paces */,
				A72A63C5240EF3D3004C3C2A /* PacesTests */,
				A72A63D0240EF3D3004C3C2A /* PacesUITests */,
			);
		};
/* End PBXProject section */

/* Begin PBXResourcesBuildPhase section */
		A72A63AE240EF3D0004C3C2A /* Resources */ = {
			isa = PBXResourcesBuildPhase;
			buildActionMask = 2147483647;
			files = (
				A72A63C0240EF3D3004C3C2A /* LaunchScreen.storyboard in Resources */,
				A72A63BD240EF3D3004C3C2A /* Assets.xcassets in Resources */,
				A72A63BB240EF3D0004C3C2A /* Main.storyboard in Resources */,
			);
			runOnlyForDeploymentPostprocessing = 0;
		};
		A72A63C4240EF3D3004C3C2A /* Resources */ = {
			isa = PBXResourcesBuildPhase;
			buildActionMask = 2147483647;
			files = (
			);
			runOnlyForDeploymentPostprocessing = 0;
		};
		A72A63CF240EF3D3004C3C2A /* Resources */ = {
			isa = PBXResourcesBuildPhase;
			buildActionMask = 2147483647;
			files = (
			);
			runOnlyForDeploymentPostprocessing = 0;
		};
/* End PBXResourcesBuildPhase section */

/* Begin PBXShellScriptBuildPhase section */
		0E56FF5B02CA0C91AC9C2D33 /* [CP] Check Pods Manifest.lock */ = {
			isa = PBXShellScriptBuildPhase;
			buildActionMask = 2147483647;
			files = (
			);
			inputFileListPaths = (
			);
			inputPaths = (
				"${PODS_PODFILE_DIR_PATH}/Podfile.lock",
				"${PODS_ROOT}/Manifest.lock",
			);
			name = "[CP] Check Pods Manifest.lock";
			outputFileListPaths = (
			);
			outputPaths = (
				"$(DERIVED_FILE_DIR)/Pods-PacesTests-checkManifestLockResult.txt",
			);
			runOnlyForDeploymentPostprocessing = 0;
			shellPath = /bin/sh;
			shellScript = "diff \"${PODS_PODFILE_DIR_PATH}/Podfile.lock\" \"${PODS_ROOT}/Manifest.lock\" > /dev/null\nif [ $? != 0 ] ; then\n    # print error to STDERR\n    echo \"error: The sandbox is not in sync with the Podfile.lock. Run 'pod install' or update your CocoaPods installation.\" >&2\n    exit 1\nfi\n# This output is used by Xcode 'outputs' to avoid re-running this script phase.\necho \"SUCCESS\" > \"${SCRIPT_OUTPUT_FILE_0}\"\n";
			showEnvVarsInLog = 0;
		};
		A0F14FEC1F38494C94187E6D /* [CP] Check Pods Manifest.lock */ = {
			isa = PBXShellScriptBuildPhase;
			buildActionMask = 2147483647;
			files = (
			);
			inputFileListPaths = (
			);
			inputPaths = (
				"${PODS_PODFILE_DIR_PATH}/Podfile.lock",
				"${PODS_ROOT}/Manifest.lock",
			);
			name = "[CP] Check Pods Manifest.lock";
			outputFileListPaths = (
			);
			outputPaths = (
				"$(DERIVED_FILE_DIR)/Pods-Paces-checkManifestLockResult.txt",
			);
			runOnlyForDeploymentPostprocessing = 0;
			shellPath = /bin/sh;
			shellScript = "diff \"${PODS_PODFILE_DIR_PATH}/Podfile.lock\" \"${PODS_ROOT}/Manifest.lock\" > /dev/null\nif [ $? != 0 ] ; then\n    # print error to STDERR\n    echo \"error: The sandbox is not in sync with the Podfile.lock. Run 'pod install' or update your CocoaPods installation.\" >&2\n    exit 1\nfi\n# This output is used by Xcode 'outputs' to avoid re-running this script phase.\necho \"SUCCESS\" > \"${SCRIPT_OUTPUT_FILE_0}\"\n";
			showEnvVarsInLog = 0;
		};
		C688417E275652665B294E39 /* [CP] Embed Pods Frameworks */ = {
			isa = PBXShellScriptBuildPhase;
			buildActionMask = 2147483647;
			files = (
			);
			inputFileListPaths = (
				"${PODS_ROOT}/Target Support Files/Pods-Paces/Pods-Paces-frameworks-${CONFIGURATION}-input-files.xcfilelist",
			);
			name = "[CP] Embed Pods Frameworks";
			outputFileListPaths = (
				"${PODS_ROOT}/Target Support Files/Pods-Paces/Pods-Paces-frameworks-${CONFIGURATION}-output-files.xcfilelist",
			);
			runOnlyForDeploymentPostprocessing = 0;
			shellPath = /bin/sh;
			shellScript = "\"${PODS_ROOT}/Target Support Files/Pods-Paces/Pods-Paces-frameworks.sh\"\n";
			showEnvVarsInLog = 0;
		};
		CBF02E2B9A95F187228A7080 /* [CP] Embed Pods Frameworks */ = {
			isa = PBXShellScriptBuildPhase;
			buildActionMask = 2147483647;
			files = (
			);
			inputFileListPaths = (
				"${PODS_ROOT}/Target Support Files/Pods-Paces-PacesUITests/Pods-Paces-PacesUITests-frameworks-${CONFIGURATION}-input-files.xcfilelist",
			);
			name = "[CP] Embed Pods Frameworks";
			outputFileListPaths = (
				"${PODS_ROOT}/Target Support Files/Pods-Paces-PacesUITests/Pods-Paces-PacesUITests-frameworks-${CONFIGURATION}-output-files.xcfilelist",
			);
			runOnlyForDeploymentPostprocessing = 0;
			shellPath = /bin/sh;
			shellScript = "\"${PODS_ROOT}/Target Support Files/Pods-Paces-PacesUITests/Pods-Paces-PacesUITests-frameworks.sh\"\n";
			showEnvVarsInLog = 0;
		};
		D3AA95F3664E28BC502E8257 /* [CP] Check Pods Manifest.lock */ = {
			isa = PBXShellScriptBuildPhase;
			buildActionMask = 2147483647;
			files = (
			);
			inputFileListPaths = (
			);
			inputPaths = (
				"${PODS_PODFILE_DIR_PATH}/Podfile.lock",
				"${PODS_ROOT}/Manifest.lock",
			);
			name = "[CP] Check Pods Manifest.lock";
			outputFileListPaths = (
			);
			outputPaths = (
				"$(DERIVED_FILE_DIR)/Pods-Paces-PacesUITests-checkManifestLockResult.txt",
			);
			runOnlyForDeploymentPostprocessing = 0;
			shellPath = /bin/sh;
			shellScript = "diff \"${PODS_PODFILE_DIR_PATH}/Podfile.lock\" \"${PODS_ROOT}/Manifest.lock\" > /dev/null\nif [ $? != 0 ] ; then\n    # print error to STDERR\n    echo \"error: The sandbox is not in sync with the Podfile.lock. Run 'pod install' or update your CocoaPods installation.\" >&2\n    exit 1\nfi\n# This output is used by Xcode 'outputs' to avoid re-running this script phase.\necho \"SUCCESS\" > \"${SCRIPT_OUTPUT_FILE_0}\"\n";
			showEnvVarsInLog = 0;
		};
/* End PBXShellScriptBuildPhase section */

/* Begin PBXSourcesBuildPhase section */
		A72A63AC240EF3D0004C3C2A /* Sources */ = {
			isa = PBXSourcesBuildPhase;
			buildActionMask = 2147483647;
			files = (
				A7145AE2243A18210056A292 /* Date+Paces.swift in Sources */,
				A74549772423942D00A104F8 /* UIButton+Paces.swift in Sources */,
				A745496F242288A100A104F8 /* ActivityViewController+CLLocationManagerDelegate.swift in Sources */,
				A72A6452241AAFA8004C3C2A /* Location+CoreDataClass.swift in Sources */,
				A7454971242289FD00A104F8 /* ActivityViewController+MKMapViewDelegate.swift in Sources */,
				A745497A24251CF100A104F8 /* RLMLocationCoordinate.swift in Sources */,
				A745498224267E2000A104F8 /* MyActivityViewController.swift in Sources */,
				A745498024266C4600A104F8 /* DBManager.swift in Sources */,
				A7454998242B823F00A104F8 /* SummaryViewController.swift in Sources */,
				A72A63B8240EF3D0004C3C2A /* MotionViewController.swift in Sources */,
				A7454996242A2EB800A104F8 /* FormatterModel.swift in Sources */,
				A72A644D241AAEDC004C3C2A /* Run+CoreDataProperties.swift in Sources */,
				A72A63EA24140EA8004C3C2A /* MapViewController.swift in Sources */,
				A72A63EE24154270004C3C2A /* HTTPClient.swift in Sources */,
				A745497C24251EF200A104F8 /* RLMRoute.swift in Sources */,
				A72A63E6240EFBE0004C3C2A /* Accelerometer.swift in Sources */,
				A72A643A2416A281004C3C2A /* ActivityViewController.swift in Sources */,
				A72A63B4240EF3D0004C3C2A /* AppDelegate.swift in Sources */,
				A72A645C24223165004C3C2A /* ActivityViewController+Start.swift in Sources */,
				A74549752423897100A104F8 /* LocationManager.swift in Sources */,
				A7145ADF2438FBC50056A292 /* MKMapView.swift in Sources */,
				A72A6450241AAF47004C3C2A /* Run+CoreDataClass.swift in Sources */,
				A745498F2427D87700A104F8 /* ActivityTableViewCell.swift in Sources */,
				A74549882426BB5000A104F8 /* Route.swift in Sources */,
				A72A63B6240EF3D0004C3C2A /* SceneDelegate.swift in Sources */,
				A72A645A241B9008004C3C2A /* CoreDataStack.swift in Sources */,
				A72A645E24223178004C3C2A /* ActivityViewController+End.swift in Sources */,
				A72A644E241AAEDC004C3C2A /* Location+CoreDataProperties.swift in Sources */,
				A7145AE6243BA1F80056A292 /* DateOfTheLastActivity.swift in Sources */,
				A72A63E8240EFC66004C3C2A /* AccelerometerModelProtocol.swift in Sources */,
				A72A63EC241540F6004C3C2A /* Runner.swift in Sources */,
				A72A6430241664B7004C3C2A /* Paces.xcdatamodeld in Sources */,
				A7145ADD2438F0390056A292 /* Helpers.swift in Sources */,
			);
			runOnlyForDeploymentPostprocessing = 0;
		};
		A72A63C2240EF3D3004C3C2A /* Sources */ = {
			isa = PBXSourcesBuildPhase;
			buildActionMask = 2147483647;
			files = (
				A7145AE3243A18210056A292 /* Date+Paces.swift in Sources */,
				A7145AE7243BA1F80056A292 /* DateOfTheLastActivity.swift in Sources */,
				A72A63CB240EF3D3004C3C2A /* PacesTests.swift in Sources */,
				A745498324267E2000A104F8 /* MyActivityViewController.swift in Sources */,
				A7145AE4243A18E10056A292 /* Helpers.swift in Sources */,
			);
			runOnlyForDeploymentPostprocessing = 0;
		};
		A72A63CD240EF3D3004C3C2A /* Sources */ = {
			isa = PBXSourcesBuildPhase;
			buildActionMask = 2147483647;
			files = (
				A72A63D6240EF3D3004C3C2A /* PacesUITests.swift in Sources */,
			);
			runOnlyForDeploymentPostprocessing = 0;
		};
/* End PBXSourcesBuildPhase section */

/* Begin PBXTargetDependency section */
		A72A63C8240EF3D3004C3C2A /* PBXTargetDependency */ = {
			isa = PBXTargetDependency;
			target = A72A63AF240EF3D0004C3C2A /* Paces */;
			targetProxy = A72A63C7240EF3D3004C3C2A /* PBXContainerItemProxy */;
		};
		A72A63D3240EF3D3004C3C2A /* PBXTargetDependency */ = {
			isa = PBXTargetDependency;
			target = A72A63AF240EF3D0004C3C2A /* Paces */;
			targetProxy = A72A63D2240EF3D3004C3C2A /* PBXContainerItemProxy */;
		};
/* End PBXTargetDependency section */

/* Begin PBXVariantGroup section */
		A72A63B9240EF3D0004C3C2A /* Main.storyboard */ = {
			isa = PBXVariantGroup;
			children = (
				A72A63BA240EF3D0004C3C2A /* Base */,
			);
			name = Main.storyboard;
			sourceTree = "<group>";
		};
		A72A63BE240EF3D3004C3C2A /* LaunchScreen.storyboard */ = {
			isa = PBXVariantGroup;
			children = (
				A72A63BF240EF3D3004C3C2A /* Base */,
			);
			name = LaunchScreen.storyboard;
			sourceTree = "<group>";
		};
/* End PBXVariantGroup section */

/* Begin XCBuildConfiguration section */
		A72A63D8240EF3D3004C3C2A /* Debug */ = {
			isa = XCBuildConfiguration;
			buildSettings = {
				ALWAYS_SEARCH_USER_PATHS = NO;
				CLANG_ANALYZER_NONNULL = YES;
				CLANG_ANALYZER_NUMBER_OBJECT_CONVERSION = YES_AGGRESSIVE;
				CLANG_CXX_LANGUAGE_STANDARD = "gnu++14";
				CLANG_CXX_LIBRARY = "libc++";
				CLANG_ENABLE_MODULES = YES;
				CLANG_ENABLE_OBJC_ARC = YES;
				CLANG_ENABLE_OBJC_WEAK = YES;
				CLANG_WARN_BLOCK_CAPTURE_AUTORELEASING = YES;
				CLANG_WARN_BOOL_CONVERSION = YES;
				CLANG_WARN_COMMA = YES;
				CLANG_WARN_CONSTANT_CONVERSION = YES;
				CLANG_WARN_DEPRECATED_OBJC_IMPLEMENTATIONS = YES;
				CLANG_WARN_DIRECT_OBJC_ISA_USAGE = YES_ERROR;
				CLANG_WARN_DOCUMENTATION_COMMENTS = YES;
				CLANG_WARN_EMPTY_BODY = YES;
				CLANG_WARN_ENUM_CONVERSION = YES;
				CLANG_WARN_INFINITE_RECURSION = YES;
				CLANG_WARN_INT_CONVERSION = YES;
				CLANG_WARN_NON_LITERAL_NULL_CONVERSION = YES;
				CLANG_WARN_OBJC_IMPLICIT_RETAIN_SELF = YES;
				CLANG_WARN_OBJC_LITERAL_CONVERSION = YES;
				CLANG_WARN_OBJC_ROOT_CLASS = YES_ERROR;
				CLANG_WARN_RANGE_LOOP_ANALYSIS = YES;
				CLANG_WARN_STRICT_PROTOTYPES = YES;
				CLANG_WARN_SUSPICIOUS_MOVE = YES;
				CLANG_WARN_UNGUARDED_AVAILABILITY = YES_AGGRESSIVE;
				CLANG_WARN_UNREACHABLE_CODE = YES;
				CLANG_WARN__DUPLICATE_METHOD_MATCH = YES;
				COPY_PHASE_STRIP = NO;
				DEBUG_INFORMATION_FORMAT = dwarf;
				ENABLE_STRICT_OBJC_MSGSEND = YES;
				ENABLE_TESTABILITY = YES;
				GCC_C_LANGUAGE_STANDARD = gnu11;
				GCC_DYNAMIC_NO_PIC = NO;
				GCC_NO_COMMON_BLOCKS = YES;
				GCC_OPTIMIZATION_LEVEL = 0;
				GCC_PREPROCESSOR_DEFINITIONS = (
					"DEBUG=1",
					"$(inherited)",
				);
				GCC_WARN_64_TO_32_BIT_CONVERSION = YES;
				GCC_WARN_ABOUT_RETURN_TYPE = YES_ERROR;
				GCC_WARN_UNDECLARED_SELECTOR = YES;
				GCC_WARN_UNINITIALIZED_AUTOS = YES_AGGRESSIVE;
				GCC_WARN_UNUSED_FUNCTION = YES;
				GCC_WARN_UNUSED_VARIABLE = YES;
				IPHONEOS_DEPLOYMENT_TARGET = 13.2;
				MTL_ENABLE_DEBUG_INFO = INCLUDE_SOURCE;
				MTL_FAST_MATH = YES;
				ONLY_ACTIVE_ARCH = YES;
				SDKROOT = iphoneos;
				SWIFT_ACTIVE_COMPILATION_CONDITIONS = DEBUG;
				SWIFT_OPTIMIZATION_LEVEL = "-Onone";
			};
			name = Debug;
		};
		A72A63D9240EF3D3004C3C2A /* Release */ = {
			isa = XCBuildConfiguration;
			buildSettings = {
				ALWAYS_SEARCH_USER_PATHS = NO;
				CLANG_ANALYZER_NONNULL = YES;
				CLANG_ANALYZER_NUMBER_OBJECT_CONVERSION = YES_AGGRESSIVE;
				CLANG_CXX_LANGUAGE_STANDARD = "gnu++14";
				CLANG_CXX_LIBRARY = "libc++";
				CLANG_ENABLE_MODULES = YES;
				CLANG_ENABLE_OBJC_ARC = YES;
				CLANG_ENABLE_OBJC_WEAK = YES;
				CLANG_WARN_BLOCK_CAPTURE_AUTORELEASING = YES;
				CLANG_WARN_BOOL_CONVERSION = YES;
				CLANG_WARN_COMMA = YES;
				CLANG_WARN_CONSTANT_CONVERSION = YES;
				CLANG_WARN_DEPRECATED_OBJC_IMPLEMENTATIONS = YES;
				CLANG_WARN_DIRECT_OBJC_ISA_USAGE = YES_ERROR;
				CLANG_WARN_DOCUMENTATION_COMMENTS = YES;
				CLANG_WARN_EMPTY_BODY = YES;
				CLANG_WARN_ENUM_CONVERSION = YES;
				CLANG_WARN_INFINITE_RECURSION = YES;
				CLANG_WARN_INT_CONVERSION = YES;
				CLANG_WARN_NON_LITERAL_NULL_CONVERSION = YES;
				CLANG_WARN_OBJC_IMPLICIT_RETAIN_SELF = YES;
				CLANG_WARN_OBJC_LITERAL_CONVERSION = YES;
				CLANG_WARN_OBJC_ROOT_CLASS = YES_ERROR;
				CLANG_WARN_RANGE_LOOP_ANALYSIS = YES;
				CLANG_WARN_STRICT_PROTOTYPES = YES;
				CLANG_WARN_SUSPICIOUS_MOVE = YES;
				CLANG_WARN_UNGUARDED_AVAILABILITY = YES_AGGRESSIVE;
				CLANG_WARN_UNREACHABLE_CODE = YES;
				CLANG_WARN__DUPLICATE_METHOD_MATCH = YES;
				COPY_PHASE_STRIP = NO;
				DEBUG_INFORMATION_FORMAT = "dwarf-with-dsym";
				ENABLE_NS_ASSERTIONS = NO;
				ENABLE_STRICT_OBJC_MSGSEND = YES;
				GCC_C_LANGUAGE_STANDARD = gnu11;
				GCC_NO_COMMON_BLOCKS = YES;
				GCC_WARN_64_TO_32_BIT_CONVERSION = YES;
				GCC_WARN_ABOUT_RETURN_TYPE = YES_ERROR;
				GCC_WARN_UNDECLARED_SELECTOR = YES;
				GCC_WARN_UNINITIALIZED_AUTOS = YES_AGGRESSIVE;
				GCC_WARN_UNUSED_FUNCTION = YES;
				GCC_WARN_UNUSED_VARIABLE = YES;
				IPHONEOS_DEPLOYMENT_TARGET = 13.2;
				MTL_ENABLE_DEBUG_INFO = NO;
				MTL_FAST_MATH = YES;
				SDKROOT = iphoneos;
				SWIFT_COMPILATION_MODE = wholemodule;
				SWIFT_OPTIMIZATION_LEVEL = "-O";
				VALIDATE_PRODUCT = YES;
			};
			name = Release;
		};
		A72A63DB240EF3D3004C3C2A /* Debug */ = {
			isa = XCBuildConfiguration;
			baseConfigurationReference = 3D353959D66AFC6741DA494C /* Pods-Paces.debug.xcconfig */;
			buildSettings = {
				ASSETCATALOG_COMPILER_APPICON_NAME = AppIcon;
				CODE_SIGN_STYLE = Automatic;
				DEVELOPMENT_TEAM = G5S6577MEM;
				INFOPLIST_FILE = Paces/Info.plist;
				LD_RUNPATH_SEARCH_PATHS = (
					"$(inherited)",
					"@executable_path/Frameworks",
				);
				PRODUCT_BUNDLE_IDENTIFIER = CH.Paces;
				PRODUCT_NAME = "$(TARGET_NAME)";
				SWIFT_VERSION = 5.0;
				TARGETED_DEVICE_FAMILY = "1,2";
			};
			name = Debug;
		};
		A72A63DC240EF3D3004C3C2A /* Release */ = {
			isa = XCBuildConfiguration;
			baseConfigurationReference = 256B2C555AFE5A1C49F81735 /* Pods-Paces.release.xcconfig */;
			buildSettings = {
				ASSETCATALOG_COMPILER_APPICON_NAME = AppIcon;
				CODE_SIGN_STYLE = Automatic;
				DEVELOPMENT_TEAM = G5S6577MEM;
				INFOPLIST_FILE = Paces/Info.plist;
				LD_RUNPATH_SEARCH_PATHS = (
					"$(inherited)",
					"@executable_path/Frameworks",
				);
				PRODUCT_BUNDLE_IDENTIFIER = CH.Paces;
				PRODUCT_NAME = "$(TARGET_NAME)";
				SWIFT_VERSION = 5.0;
				TARGETED_DEVICE_FAMILY = "1,2";
			};
			name = Release;
		};
		A72A63DE240EF3D3004C3C2A /* Debug */ = {
			isa = XCBuildConfiguration;
			baseConfigurationReference = 51E6ECE604C18BE37E99996F /* Pods-PacesTests.debug.xcconfig */;
			buildSettings = {
				ALWAYS_EMBED_SWIFT_STANDARD_LIBRARIES = YES;
				BUNDLE_LOADER = "$(TEST_HOST)";
				CODE_SIGN_STYLE = Automatic;
				INFOPLIST_FILE = PacesTests/Info.plist;
				IPHONEOS_DEPLOYMENT_TARGET = 13.2;
				LD_RUNPATH_SEARCH_PATHS = (
					"$(inherited)",
					"@executable_path/Frameworks",
					"@loader_path/Frameworks",
				);
				PRODUCT_BUNDLE_IDENTIFIER = singleview.PacesTests;
				PRODUCT_NAME = "$(TARGET_NAME)";
				SWIFT_VERSION = 5.0;
				TARGETED_DEVICE_FAMILY = "1,2";
				TEST_HOST = "$(BUILT_PRODUCTS_DIR)/Paces.app/Paces";
			};
			name = Debug;
		};
		A72A63DF240EF3D3004C3C2A /* Release */ = {
			isa = XCBuildConfiguration;
			baseConfigurationReference = 19D13DF7745984306082DBBE /* Pods-PacesTests.release.xcconfig */;
			buildSettings = {
				ALWAYS_EMBED_SWIFT_STANDARD_LIBRARIES = YES;
				BUNDLE_LOADER = "$(TEST_HOST)";
				CODE_SIGN_STYLE = Automatic;
				INFOPLIST_FILE = PacesTests/Info.plist;
				IPHONEOS_DEPLOYMENT_TARGET = 13.2;
				LD_RUNPATH_SEARCH_PATHS = (
					"$(inherited)",
					"@executable_path/Frameworks",
					"@loader_path/Frameworks",
				);
				PRODUCT_BUNDLE_IDENTIFIER = singleview.PacesTests;
				PRODUCT_NAME = "$(TARGET_NAME)";
				SWIFT_VERSION = 5.0;
				TARGETED_DEVICE_FAMILY = "1,2";
				TEST_HOST = "$(BUILT_PRODUCTS_DIR)/Paces.app/Paces";
			};
			name = Release;
		};
		A72A63E1240EF3D3004C3C2A /* Debug */ = {
			isa = XCBuildConfiguration;
			baseConfigurationReference = C144E6D2B3D91D20C1B0B691 /* Pods-Paces-PacesUITests.debug.xcconfig */;
			buildSettings = {
				ALWAYS_EMBED_SWIFT_STANDARD_LIBRARIES = YES;
				CODE_SIGN_STYLE = Automatic;
				INFOPLIST_FILE = PacesUITests/Info.plist;
				LD_RUNPATH_SEARCH_PATHS = (
					"$(inherited)",
					"@executable_path/Frameworks",
					"@loader_path/Frameworks",
				);
				PRODUCT_BUNDLE_IDENTIFIER = singleview.PacesUITests;
				PRODUCT_NAME = "$(TARGET_NAME)";
				SWIFT_VERSION = 5.0;
				TARGETED_DEVICE_FAMILY = "1,2";
				TEST_TARGET_NAME = Paces;
			};
			name = Debug;
		};
		A72A63E2240EF3D3004C3C2A /* Release */ = {
			isa = XCBuildConfiguration;
			baseConfigurationReference = 5552D97824FFA527B268B220 /* Pods-Paces-PacesUITests.release.xcconfig */;
			buildSettings = {
				ALWAYS_EMBED_SWIFT_STANDARD_LIBRARIES = YES;
				CODE_SIGN_STYLE = Automatic;
				INFOPLIST_FILE = PacesUITests/Info.plist;
				LD_RUNPATH_SEARCH_PATHS = (
					"$(inherited)",
					"@executable_path/Frameworks",
					"@loader_path/Frameworks",
				);
				PRODUCT_BUNDLE_IDENTIFIER = singleview.PacesUITests;
				PRODUCT_NAME = "$(TARGET_NAME)";
				SWIFT_VERSION = 5.0;
				TARGETED_DEVICE_FAMILY = "1,2";
				TEST_TARGET_NAME = Paces;
			};
			name = Release;
		};
/* End XCBuildConfiguration section */

/* Begin XCConfigurationList section */
		A72A63AB240EF3D0004C3C2A /* Build configuration list for PBXProject "Paces" */ = {
			isa = XCConfigurationList;
			buildConfigurations = (
				A72A63D8240EF3D3004C3C2A /* Debug */,
				A72A63D9240EF3D3004C3C2A /* Release */,
			);
			defaultConfigurationIsVisible = 0;
			defaultConfigurationName = Release;
		};
		A72A63DA240EF3D3004C3C2A /* Build configuration list for PBXNativeTarget "Paces" */ = {
			isa = XCConfigurationList;
			buildConfigurations = (
				A72A63DB240EF3D3004C3C2A /* Debug */,
				A72A63DC240EF3D3004C3C2A /* Release */,
			);
			defaultConfigurationIsVisible = 0;
			defaultConfigurationName = Release;
		};
		A72A63DD240EF3D3004C3C2A /* Build configuration list for PBXNativeTarget "PacesTests" */ = {
			isa = XCConfigurationList;
			buildConfigurations = (
				A72A63DE240EF3D3004C3C2A /* Debug */,
				A72A63DF240EF3D3004C3C2A /* Release */,
			);
			defaultConfigurationIsVisible = 0;
			defaultConfigurationName = Release;
		};
		A72A63E0240EF3D3004C3C2A /* Build configuration list for PBXNativeTarget "PacesUITests" */ = {
			isa = XCConfigurationList;
			buildConfigurations = (
				A72A63E1240EF3D3004C3C2A /* Debug */,
				A72A63E2240EF3D3004C3C2A /* Release */,
			);
			defaultConfigurationIsVisible = 0;
			defaultConfigurationName = Release;
		};
/* End XCConfigurationList section */

/* Begin XCVersionGroup section */
		A72A642E241664B7004C3C2A /* Paces.xcdatamodeld */ = {
			isa = XCVersionGroup;
			children = (
				A72A642F241664B7004C3C2A /* Paces.xcdatamodel */,
			);
			currentVersion = A72A642F241664B7004C3C2A /* Paces.xcdatamodel */;
			path = Paces.xcdatamodeld;
			sourceTree = "<group>";
			versionGroupType = wrapper.xcdatamodel;
		};
/* End XCVersionGroup section */
	};
	rootObject = A72A63A8240EF3D0004C3C2A /* Project object */;
}
